
Microsoft Visual Studio Solution File, Format Version 12.00
# Visual Studio 2017
Project("{FAE04EC0-301F-11D3-BF4B-00C04F79EFBC}") = "Marble Motion", "Marble Motion.csproj", "{D3EF338A-B825-3E2B-A379-4D24F3CCDDE9}"
EndProject
Project("{9A19103F-16F7-4668-BE54-9A1E7A4F7556}") = "MarbleMotionXUnitTest", "..\MarbleMotionXUnitTest\MarbleMotionXUnitTest.csproj", "{A2CAA79E-FFBE-452A-96AF-AC2570AA2D08}"
EndProject
Project("{9A19103F-16F7-4668-BE54-9A1E7A4F7556}") = "MarbleMotionBackEnd", "MarbleMotionBackEnd\MarbleMotionBackEnd.csproj", "{174795E9-D86F-47BD-9FE4-8684C456C479}"
EndProject
Global
	GlobalSection(SolutionConfigurationPlatforms) = preSolution
		Debug|Any CPU = Debug|Any CPU
		Release|Any CPU = Release|Any CPU
	EndGlobalSection
	GlobalSection(ProjectConfigurationPlatforms) = postSolution
		{D3EF338A-B825-3E2B-A379-4D24F3CCDDE9}.Debug|Any CPU.ActiveCfg = Debug|Any CPU
		{D3EF338A-B825-3E2B-A379-4D24F3CCDDE9}.Debug|Any CPU.Build.0 = Debug|Any CPU
		{D3EF338A-B825-3E2B-A379-4D24F3CCDDE9}.Release|Any CPU.ActiveCfg = Release|Any CPU
		{D3EF338A-B825-3E2B-A379-4D24F3CCDDE9}.Release|Any CPU.Build.0 = Release|Any CPU
		{A2CAA79E-FFBE-452A-96AF-AC2570AA2D08}.Debug|Any CPU.ActiveCfg = Debug|Any CPU
		{A2CAA79E-FFBE-452A-96AF-AC2570AA2D08}.Debug|Any CPU.Build.0 = Debug|Any CPU
		{A2CAA79E-FFBE-452A-96AF-AC2570AA2D08}.Release|Any CPU.ActiveCfg = Release|Any CPU
		{A2CAA79E-FFBE-452A-96AF-AC2570AA2D08}.Release|Any CPU.Build.0 = Release|Any CPU
		{174795E9-D86F-47BD-9FE4-8684C456C479}.Debug|Any CPU.ActiveCfg = Debug|Any CPU
		{174795E9-D86F-47BD-9FE4-8684C456C479}.Debug|Any CPU.Build.0 = Debug|Any CPU
		{174795E9-D86F-47BD-9FE4-8684C456C479}.Release|Any CPU.ActiveCfg = Release|Any CPU
		{174795E9-D86F-47BD-9FE4-8684C456C479}.Release|Any CPU.Build.0 = Release|Any CPU
	EndGlobalSection
	GlobalSection(SolutionProperties) = preSolution
		HideSolutionNode = FALSE
	EndGlobalSection
EndGlobal
